
Microsoft Visual Studio Solution File, Format Version 12.00
# Visual Studio Version 17
VisualStudioVersion = 17.4.33213.308
MinimumVisualStudioVersion = 10.0.40219.1
Project("{FAE04EC0-301F-11D3-BF4B-00C04F79EFBC}") = "Weather_TG", "Weather_TG.csproj", "{B01CA32D-998D-4152-B38B-45110DAEB9AB}"
EndProject
Global
	GlobalSection(SolutionConfigurationPlatforms) = preSolution
		Debug|Any CPU = Debug|Any CPU
		Release|Any CPU = Release|Any CPU
	EndGlobalSection
	GlobalSection(ProjectConfigurationPlatforms) = postSolution
		{B01CA32D-998D-4152-B38B-45110DAEB9AB}.Debug|Any CPU.ActiveCfg = Debug|Any CPU
		{B01CA32D-998D-4152-B38B-45110DAEB9AB}.Debug|Any CPU.Build.0 = Debug|Any CPU
		{B01CA32D-998D-4152-B38B-45110DAEB9AB}.Release|Any CPU.ActiveCfg = Release|Any CPU
		{B01CA32D-998D-4152-B38B-45110DAEB9AB}.Release|Any CPU.Build.0 = Release|Any CPU
	EndGlobalSection
	GlobalSection(SolutionProperties) = preSolution
		HideSolutionNode = FALSE
	EndGlobalSection
	GlobalSection(ExtensibilityGlobals) = postSolution
		SolutionGuid = {7E9AFBB1-30CF-475C-BE2C-3EEB4FE574FB}
	EndGlobalSection
EndGlobal
